<?xml version="1.0" encoding="utf-8"?>
<Project ToolsVersion="4.0" xmlns="http://schemas.microsoft.com/developer/msbuild/2003">
  <ItemGroup>
    <Filter Include="iAP2Link">
      <UniqueIdentifier>{1a8a61e8-a44d-4227-a8c7-49c1501de4cc}</UniqueIdentifier>
    </Filter>
    <Filter Include="iAP2Utility">
      <UniqueIdentifier>{36fdf025-ee86-409e-af51-f73f2d4f12b9}</UniqueIdentifier>
    </Filter>
    <Filter Include="iAP2UtilityImplementation">
      <UniqueIdentifier>{be2e1465-6076-4564-8531-051392fcecef}</UniqueIdentifier>
    </Filter>
  </ItemGroup>
  <ItemGroup>
    <Text Include="ReadMe.txt" />
  </ItemGroup>
  <ItemGroup>
    <None Include="..\Android.mk" />
    <None Include="..\env.mk" />
  </ItemGroup>
  <ItemGroup>
    <ClCompile Include="..\Cpchip.c" />
    <ClCompile Include="..\gpio.c" />
    <ClCompile Include="..\iAP_Auth.c" />
    <ClCompile Include="..\main.c" />
    <ClCompile Include="..\iAP2Link\iAP2FileTransfer.c">
      <Filter>iAP2Link</Filter>
    </ClCompile>
    <ClCompile Include="..\iAP2Link\iAP2Link.c">
      <Filter>iAP2Link</Filter>
    </ClCompile>
    <ClCompile Include="..\iAP2Link\iAP2LinkAccessory.c">
      <Filter>iAP2Link</Filter>
    </ClCompile>
    <ClCompile Include="..\iAP2Link\iAP2LinkRunLoop.c">
      <Filter>iAP2Link</Filter>
    </ClCompile>
    <ClCompile Include="..\iAP2Link\iAP2Packet.c">
      <Filter>iAP2Link</Filter>
    </ClCompile>
    <ClCompile Include="..\iAP2Utility\iAP2BuffPool.c">
      <Filter>iAP2Utility</Filter>
    </ClCompile>
    <ClCompile Include="..\iAP2Utility\iAP2FSM.c">
      <Filter>iAP2Utility</Filter>
    </ClCompile>
    <ClCompile Include="..\iAP2Utility\iAP2ListArray.c">
      <Filter>iAP2Utility</Filter>
    </ClCompile>
    <ClCompile Include="..\iAP2UtilityImplementation\iAP2BuffPoolImplementation.c">
      <Filter>iAP2UtilityImplementation</Filter>
    </ClCompile>
    <ClCompile Include="..\iAP2UtilityImplementation\iAP2Log.c">
      <Filter>iAP2UtilityImplementation</Filter>
    </ClCompile>
    <ClCompile Include="..\iAP2UtilityImplementation\iAP2Time.c">
      <Filter>iAP2UtilityImplementation</Filter>
    </ClCompile>
  </ItemGroup>
  <ItemGroup>
    <ClInclude Include="..\Cpchip.h" />
    <ClInclude Include="..\gpio.h" />
    <ClInclude Include="..\iAP_Auth.h" />
    <ClInclude Include="..\iAP2LinkConfig.h" />
    <ClInclude Include="..\iAP2LinkConfig_sample.h" />
    <ClInclude Include="..\iAP2Link\iAP2FileTransfer.h">
      <Filter>iAP2Link</Filter>
    </ClInclude>
    <ClInclude Include="..\iAP2Link\iAP2Link.h">
      <Filter>iAP2Link</Filter>
    </ClInclude>
    <ClInclude Include="..\iAP2Link\iAP2LinkPrivate.h">
      <Filter>iAP2Link</Filter>
    </ClInclude>
    <ClInclude Include="..\iAP2Link\iAP2LinkRunLoop.h">
      <Filter>iAP2Link</Filter>
    </ClInclude>
    <ClInclude Include="..\iAP2Link\iAP2Packet.h">
      <Filter>iAP2Link</Filter>
    </ClInclude>
    <ClInclude Include="..\iAP2Utility\iAP2BuffPool.h">
      <Filter>iAP2Utility</Filter>
    </ClInclude>
    <ClInclude Include="..\iAP2Utility\iAP2BuffPoolImplementation.h">
      <Filter>iAP2Utility</Filter>
    </ClInclude>
    <ClInclude Include="..\iAP2Utility\iAP2Defines.h">
      <Filter>iAP2Utility</Filter>
    </ClInclude>
    <ClInclude Include="..\iAP2Utility\iAP2FSM.h">
      <Filter>iAP2Utility</Filter>
    </ClInclude>
    <ClInclude Include="..\iAP2Utility\iAP2ListArray.h">
      <Filter>iAP2Utility</Filter>
    </ClInclude>
    <ClInclude Include="..\iAP2Utility\iAP2Log.h">
      <Filter>iAP2Utility</Filter>
    </ClInclude>
    <ClInclude Include="..\iAP2Utility\iAP2Misc.h">
      <Filter>iAP2Utility</Filter>
    </ClInclude>
    <ClInclude Include="..\iAP2Utility\iAP2Time.h">
      <Filter>iAP2Utility</Filter>
    </ClInclude>
    <ClInclude Include="..\iAP2UtilityImplementation\iAP2TimeImplementation.h">
      <Filter>iAP2UtilityImplementation</Filter>
    </ClInclude>
    <ClInclude Include="..\DbgMsg.h" />
  </ItemGroup>
</Project>